// !$*UTF8*$!
{
	archiveVersion = 1;
	classes = {
	};
	objectVersion = 50;
	objects = {

/* Begin PBXBuildFile section */
		B3918D9C26A5FBA500CB0795 /* ILikeFruitApp.swift in Sources */ = {isa = PBXBuildFile; fileRef = B3918D9B26A5FBA500CB0795 /* ILikeFruitApp.swift */; };
		B3918D9E26A5FBA500CB0795 /* ContentView.swift in Sources */ = {isa = PBXBuildFile; fileRef = B3918D9D26A5FBA500CB0795 /* ContentView.swift */; };
		B3918DA026A5FBA600CB0795 /* Assets.xcassets in Resources */ = {isa = PBXBuildFile; fileRef = B3918D9F26A5FBA600CB0795 /* Assets.xcassets */; };
		B3918DA326A5FBA600CB0795 /* Preview Assets.xcassets in Resources */ = {isa = PBXBuildFile; fileRef = B3918DA226A5FBA600CB0795 /* Preview Assets.xcassets */; };
		B3918DAF26A6032600CB0795 /* FruitCardView.swift in Sources */ = {isa = PBXBuildFile; fileRef = B3918DAE26A6032600CB0795 /* FruitCardView.swift */; };
		B3918DB126A606D800CB0795 /* StartButtonView.swift in Sources */ = {isa = PBXBuildFile; fileRef = B3918DB026A606D800CB0795 /* StartButtonView.swift */; };
		B3918DB326A60A0400CB0795 /* OnboardingView.swift in Sources */ = {isa = PBXBuildFile; fileRef = B3918DB226A60A0400CB0795 /* OnboardingView.swift */; };
		B3918DB526A60D7600CB0795 /* FruitModel.swift in Sources */ = {isa = PBXBuildFile; fileRef = B3918DB426A60D7600CB0795 /* FruitModel.swift */; };
		B3918DB726A60E7900CB0795 /* FruitData.swift in Sources */ = {isa = PBXBuildFile; fileRef = B3918DB626A60E7900CB0795 /* FruitData.swift */; };
		B3918DB926A72F5200CB0795 /* FruitRowView.swift in Sources */ = {isa = PBXBuildFile; fileRef = B3918DB826A72F5200CB0795 /* FruitRowView.swift */; };
		B3918DBB26AC72CD00CB0795 /* FruitDetailView.swift in Sources */ = {isa = PBXBuildFile; fileRef = B3918DBA26AC72CD00CB0795 /* FruitDetailView.swift */; };
		B3918DBD26AC74A200CB0795 /* FruitHeaderView.swift in Sources */ = {isa = PBXBuildFile; fileRef = B3918DBC26AC74A200CB0795 /* FruitHeaderView.swift */; };
		B3918DBF26AC75EC00CB0795 /* SourceLinkView.swift in Sources */ = {isa = PBXBuildFile; fileRef = B3918DBE26AC75EC00CB0795 /* SourceLinkView.swift */; };
		B3918DC226AC781100CB0795 /* FruitNutrientsView.swift in Sources */ = {isa = PBXBuildFile; fileRef = B3918DC126AC781100CB0795 /* FruitNutrientsView.swift */; };
		B3918DC426AC7AC600CB0795 /* SettingsView.swift in Sources */ = {isa = PBXBuildFile; fileRef = B3918DC326AC7AC600CB0795 /* SettingsView.swift */; };
		B3918DC726AC7DB800CB0795 /* SettingsLabelView.swift in Sources */ = {isa = PBXBuildFile; fileRef = B3918DC626AC7DB800CB0795 /* SettingsLabelView.swift */; };
		B3918DC926AC8AD100CB0795 /* SettingsRowView.swift in Sources */ = {isa = PBXBuildFile; fileRef = B3918DC826AC8AD100CB0795 /* SettingsRowView.swift */; };
/* End PBXBuildFile section */

/* Begin PBXFileReference section */
		B3918D9826A5FBA500CB0795 /* ILikeFruit.app */ = {isa = PBXFileReference; explicitFileType = wrapper.application; includeInIndex = 0; path = ILikeFruit.app; sourceTree = BUILT_PRODUCTS_DIR; };
		B3918D9B26A5FBA500CB0795 /* ILikeFruitApp.swift */ = {isa = PBXFileReference; lastKnownFileType = sourcecode.swift; path = ILikeFruitApp.swift; sourceTree = "<group>"; };
		B3918D9D26A5FBA500CB0795 /* ContentView.swift */ = {isa = PBXFileReference; lastKnownFileType = sourcecode.swift; path = ContentView.swift; sourceTree = "<group>"; };
		B3918D9F26A5FBA600CB0795 /* Assets.xcassets */ = {isa = PBXFileReference; lastKnownFileType = folder.assetcatalog; path = Assets.xcassets; sourceTree = "<group>"; };
		B3918DA226A5FBA600CB0795 /* Preview Assets.xcassets */ = {isa = PBXFileReference; lastKnownFileType = folder.assetcatalog; path = "Preview Assets.xcassets"; sourceTree = "<group>"; };
		B3918DA426A5FBA600CB0795 /* Info.plist */ = {isa = PBXFileReference; lastKnownFileType = text.plist.xml; path = Info.plist; sourceTree = "<group>"; };
		B3918DAE26A6032600CB0795 /* FruitCardView.swift */ = {isa = PBXFileReference; lastKnownFileType = sourcecode.swift; path = FruitCardView.swift; sourceTree = "<group>"; };
		B3918DB026A606D800CB0795 /* StartButtonView.swift */ = {isa = PBXFileReference; lastKnownFileType = sourcecode.swift; path = StartButtonView.swift; sourceTree = "<group>"; };
		B3918DB226A60A0400CB0795 /* OnboardingView.swift */ = {isa = PBXFileReference; lastKnownFileType = sourcecode.swift; path = OnboardingView.swift; sourceTree = "<group>"; };
		B3918DB426A60D7600CB0795 /* FruitModel.swift */ = {isa = PBXFileReference; lastKnownFileType = sourcecode.swift; path = FruitModel.swift; sourceTree = "<group>"; };
		B3918DB626A60E7900CB0795 /* FruitData.swift */ = {isa = PBXFileReference; lastKnownFileType = sourcecode.swift; path = FruitData.swift; sourceTree = "<group>"; };
		B3918DB826A72F5200CB0795 /* FruitRowView.swift */ = {isa = PBXFileReference; lastKnownFileType = sourcecode.swift; path = FruitRowView.swift; sourceTree = "<group>"; };
		B3918DBA26AC72CD00CB0795 /* FruitDetailView.swift */ = {isa = PBXFileReference; lastKnownFileType = sourcecode.swift; path = FruitDetailView.swift; sourceTree = "<group>"; };
		B3918DBC26AC74A200CB0795 /* FruitHeaderView.swift */ = {isa = PBXFileReference; lastKnownFileType = sourcecode.swift; path = FruitHeaderView.swift; sourceTree = "<group>"; };
		B3918DBE26AC75EC00CB0795 /* SourceLinkView.swift */ = {isa = PBXFileReference; lastKnownFileType = sourcecode.swift; path = SourceLinkView.swift; sourceTree = "<group>"; };
		B3918DC126AC781100CB0795 /* FruitNutrientsView.swift */ = {isa = PBXFileReference; lastKnownFileType = sourcecode.swift; path = FruitNutrientsView.swift; sourceTree = "<group>"; };
		B3918DC326AC7AC600CB0795 /* SettingsView.swift */ = {isa = PBXFileReference; lastKnownFileType = sourcecode.swift; path = SettingsView.swift; sourceTree = "<group>"; };
		B3918DC626AC7DB800CB0795 /* SettingsLabelView.swift */ = {isa = PBXFileReference; lastKnownFileType = sourcecode.swift; path = SettingsLabelView.swift; sourceTree = "<group>"; };
		B3918DC826AC8AD100CB0795 /* SettingsRowView.swift */ = {isa = PBXFileReference; lastKnownFileType = sourcecode.swift; path = SettingsRowView.swift; sourceTree = "<group>"; };
/* End PBXFileReference section */

/* Begin PBXFrameworksBuildPhase section */
		B3918D9526A5FBA500CB0795 /* Frameworks */ = {
			isa = PBXFrameworksBuildPhase;
			buildActionMask = 2147483647;
			files = (
			);
			runOnlyForDeploymentPostprocessing = 0;
		};
/* End PBXFrameworksBuildPhase section */

/* Begin PBXGroup section */
		B3918D8F26A5FBA500CB0795 = {
			isa = PBXGroup;
			children = (
				B3918D9A26A5FBA500CB0795 /* ILikeFruit */,
				B3918D9926A5FBA500CB0795 /* Products */,
			);
			sourceTree = "<group>";
		};
		B3918D9926A5FBA500CB0795 /* Products */ = {
			isa = PBXGroup;
			children = (
				B3918D9826A5FBA500CB0795 /* ILikeFruit.app */,
			);
			name = Products;
			sourceTree = "<group>";
		};
		B3918D9A26A5FBA500CB0795 /* ILikeFruit */ = {
			isa = PBXGroup;
			children = (
				B3918D9B26A5FBA500CB0795 /* ILikeFruitApp.swift */,
				B3918DC526AC7AD300CB0795 /* Items */,
				B3918DC026AC77F200CB0795 /* Views */,
				B3918DB426A60D7600CB0795 /* FruitModel.swift */,
				B3918DB626A60E7900CB0795 /* FruitData.swift */,
				B3918D9F26A5FBA600CB0795 /* Assets.xcassets */,
				B3918DA426A5FBA600CB0795 /* Info.plist */,
				B3918DA126A5FBA600CB0795 /* Preview Content */,
			);
			path = ILikeFruit;
			sourceTree = "<group>";
		};
		B3918DA126A5FBA600CB0795 /* Preview Content */ = {
			isa = PBXGroup;
			children = (
				B3918DA226A5FBA600CB0795 /* Preview Assets.xcassets */,
			);
			path = "Preview Content";
			sourceTree = "<group>";
		};
		B3918DC026AC77F200CB0795 /* Views */ = {
			isa = PBXGroup;
			children = (
				B3918D9D26A5FBA500CB0795 /* ContentView.swift */,
				B3918DB226A60A0400CB0795 /* OnboardingView.swift */,
				B3918DBA26AC72CD00CB0795 /* FruitDetailView.swift */,
				B3918DC326AC7AC600CB0795 /* SettingsView.swift */,
			);
			path = Views;
			sourceTree = "<group>";
		};
		B3918DC526AC7AD300CB0795 /* Items */ = {
			isa = PBXGroup;
			children = (
				B3918DB826A72F5200CB0795 /* FruitRowView.swift */,
				B3918DAE26A6032600CB0795 /* FruitCardView.swift */,
				B3918DBE26AC75EC00CB0795 /* SourceLinkView.swift */,
				B3918DB026A606D800CB0795 /* StartButtonView.swift */,
				B3918DBC26AC74A200CB0795 /* FruitHeaderView.swift */,
				B3918DC126AC781100CB0795 /* FruitNutrientsView.swift */,
				B3918DC626AC7DB800CB0795 /* SettingsLabelView.swift */,
				B3918DC826AC8AD100CB0795 /* SettingsRowView.swift */,
			);
			path = Items;
			sourceTree = "<group>";
		};
/* End PBXGroup section */

/* Begin PBXNativeTarget section */
		B3918D9726A5FBA500CB0795 /* ILikeFruit */ = {
			isa = PBXNativeTarget;
			buildConfigurationList = B3918DA726A5FBA600CB0795 /* Build configuration list for PBXNativeTarget "ILikeFruit" */;
			buildPhases = (
				B3918D9426A5FBA500CB0795 /* Sources */,
				B3918D9526A5FBA500CB0795 /* Frameworks */,
				B3918D9626A5FBA500CB0795 /* Resources */,
			);
			buildRules = (
			);
			dependencies = (
			);
			name = ILikeFruit;
			productName = ILikeFruit;
			productReference = B3918D9826A5FBA500CB0795 /* ILikeFruit.app */;
			productType = "com.apple.product-type.application";
		};
/* End PBXNativeTarget section */

/* Begin PBXProject section */
		B3918D9026A5FBA500CB0795 /* Project object */ = {
			isa = PBXProject;
			attributes = {
				LastSwiftUpdateCheck = 1250;
				LastUpgradeCheck = 1250;
				TargetAttributes = {
					B3918D9726A5FBA500CB0795 = {
						CreatedOnToolsVersion = 12.5;
					};
				};
			};
			buildConfigurationList = B3918D9326A5FBA500CB0795 /* Build configuration list for PBXProject "ILikeFruit" */;
			compatibilityVersion = "Xcode 9.3";
			developmentRegion = en;
			hasScannedForEncodings = 0;
			knownRegions = (
				en,
				Base,
			);
			mainGroup = B3918D8F26A5FBA500CB0795;
			productRefGroup = B3918D9926A5FBA500CB0795 /* Products */;
			projectDirPath = "";
			projectRoot = "";
			targets = (
				B3918D9726A5FBA500CB0795 /* ILikeFruit */,
			);
		};
/* End PBXProject section */

/* Begin PBXResourcesBuildPhase section */
		B3918D9626A5FBA500CB0795 /* Resources */ = {
			isa = PBXResourcesBuildPhase;
			buildActionMask = 2147483647;
			files = (
				B3918DA326A5FBA600CB0795 /* Preview Assets.xcassets in Resources */,
				B3918DA026A5FBA600CB0795 /* Assets.xcassets in Resources */,
			);
			runOnlyForDeploymentPostprocessing = 0;
		};
/* End PBXResourcesBuildPhase section */

/* Begin PBXSourcesBuildPhase section */
		B3918D9426A5FBA500CB0795 /* Sources */ = {
			isa = PBXSourcesBuildPhase;
			buildActionMask = 2147483647;
			files = (
				B3918DB726A60E7900CB0795 /* FruitData.swift in Sources */,
				B3918DBF26AC75EC00CB0795 /* SourceLinkView.swift in Sources */,
				B3918DC926AC8AD100CB0795 /* SettingsRowView.swift in Sources */,
				B3918DAF26A6032600CB0795 /* FruitCardView.swift in Sources */,
				B3918DB926A72F5200CB0795 /* FruitRowView.swift in Sources */,
				B3918DC226AC781100CB0795 /* FruitNutrientsView.swift in Sources */,
				B3918DB126A606D800CB0795 /* StartButtonView.swift in Sources */,
				B3918DBB26AC72CD00CB0795 /* FruitDetailView.swift in Sources */,
				B3918D9E26A5FBA500CB0795 /* ContentView.swift in Sources */,
				B3918DBD26AC74A200CB0795 /* FruitHeaderView.swift in Sources */,
				B3918DB326A60A0400CB0795 /* OnboardingView.swift in Sources */,
				B3918DC726AC7DB800CB0795 /* SettingsLabelView.swift in Sources */,
				B3918DB526A60D7600CB0795 /* FruitModel.swift in Sources */,
				B3918D9C26A5FBA500CB0795 /* ILikeFruitApp.swift in Sources */,
				B3918DC426AC7AC600CB0795 /* SettingsView.swift in Sources */,
			);
			runOnlyForDeploymentPostprocessing = 0;
		};
/* End PBXSourcesBuildPhase section */

/* Begin XCBuildConfiguration section */
		B3918DA526A5FBA600CB0795 /* Debug */ = {
			isa = XCBuildConfiguration;
			buildSettings = {
				ALWAYS_SEARCH_USER_PATHS = NO;
				CLANG_ANALYZER_NONNULL = YES;
				CLANG_ANALYZER_NUMBER_OBJECT_CONVERSION = YES_AGGRESSIVE;
				CLANG_CXX_LANGUAGE_STANDARD = "gnu++14";
				CLANG_CXX_LIBRARY = "libc++";
				CLANG_ENABLE_MODULES = YES;
				CLANG_ENABLE_OBJC_ARC = YES;
				CLANG_ENABLE_OBJC_WEAK = YES;
				CLANG_WARN_BLOCK_CAPTURE_AUTORELEASING = YES;
				CLANG_WARN_BOOL_CONVERSION = YES;
				CLANG_WARN_COMMA = YES;
				CLANG_WARN_CONSTANT_CONVERSION = YES;
				CLANG_WARN_DEPRECATED_OBJC_IMPLEMENTATIONS = YES;
				CLANG_WARN_DIRECT_OBJC_ISA_USAGE = YES_ERROR;
				CLANG_WARN_DOCUMENTATION_COMMENTS = YES;
				CLANG_WARN_EMPTY_BODY = YES;
				CLANG_WARN_ENUM_CONVERSION = YES;
				CLANG_WARN_INFINITE_RECURSION = YES;
				CLANG_WARN_INT_CONVERSION = YES;
				CLANG_WARN_NON_LITERAL_NULL_CONVERSION = YES;
				CLANG_WARN_OBJC_IMPLICIT_RETAIN_SELF = YES;
				CLANG_WARN_OBJC_LITERAL_CONVERSION = YES;
				CLANG_WARN_OBJC_ROOT_CLASS = YES_ERROR;
				CLANG_WARN_QUOTED_INCLUDE_IN_FRAMEWORK_HEADER = YES;
				CLANG_WARN_RANGE_LOOP_ANALYSIS = YES;
				CLANG_WARN_STRICT_PROTOTYPES = YES;
				CLANG_WARN_SUSPICIOUS_MOVE = YES;
				CLANG_WARN_UNGUARDED_AVAILABILITY = YES_AGGRESSIVE;
				CLANG_WARN_UNREACHABLE_CODE = YES;
				CLANG_WARN__DUPLICATE_METHOD_MATCH = YES;
				COPY_PHASE_STRIP = NO;
				DEBUG_INFORMATION_FORMAT = dwarf;
				ENABLE_STRICT_OBJC_MSGSEND = YES;
				ENABLE_TESTABILITY = YES;
				GCC_C_LANGUAGE_STANDARD = gnu11;
				GCC_DYNAMIC_NO_PIC = NO;
				GCC_NO_COMMON_BLOCKS = YES;
				GCC_OPTIMIZATION_LEVEL = 0;
				GCC_PREPROCESSOR_DEFINITIONS = (
					"DEBUG=1",
					"$(inherited)",
				);
				GCC_WARN_64_TO_32_BIT_CONVERSION = YES;
				GCC_WARN_ABOUT_RETURN_TYPE = YES_ERROR;
				GCC_WARN_UNDECLARED_SELECTOR = YES;
				GCC_WARN_UNINITIALIZED_AUTOS = YES_AGGRESSIVE;
				GCC_WARN_UNUSED_FUNCTION = YES;
				GCC_WARN_UNUSED_VARIABLE = YES;
				IPHONEOS_DEPLOYMENT_TARGET = 14.5;
				MTL_ENABLE_DEBUG_INFO = INCLUDE_SOURCE;
				MTL_FAST_MATH = YES;
				ONLY_ACTIVE_ARCH = YES;
				SDKROOT = iphoneos;
				SWIFT_ACTIVE_COMPILATION_CONDITIONS = DEBUG;
				SWIFT_OPTIMIZATION_LEVEL = "-Onone";
			};
			name = Debug;
		};
		B3918DA626A5FBA600CB0795 /* Release */ = {
			isa = XCBuildConfiguration;
			buildSettings = {
				ALWAYS_SEARCH_USER_PATHS = NO;
				CLANG_ANALYZER_NONNULL = YES;
				CLANG_ANALYZER_NUMBER_OBJECT_CONVERSION = YES_AGGRESSIVE;
				CLANG_CXX_LANGUAGE_STANDARD = "gnu++14";
				CLANG_CXX_LIBRARY = "libc++";
				CLANG_ENABLE_MODULES = YES;
				CLANG_ENABLE_OBJC_ARC = YES;
				CLANG_ENABLE_OBJC_WEAK = YES;
				CLANG_WARN_BLOCK_CAPTURE_AUTORELEASING = YES;
				CLANG_WARN_BOOL_CONVERSION = YES;
				CLANG_WARN_COMMA = YES;
				CLANG_WARN_CONSTANT_CONVERSION = YES;
				CLANG_WARN_DEPRECATED_OBJC_IMPLEMENTATIONS = YES;
				CLANG_WARN_DIRECT_OBJC_ISA_USAGE = YES_ERROR;
				CLANG_WARN_DOCUMENTATION_COMMENTS = YES;
				CLANG_WARN_EMPTY_BODY = YES;
				CLANG_WARN_ENUM_CONVERSION = YES;
				CLANG_WARN_INFINITE_RECURSION = YES;
				CLANG_WARN_INT_CONVERSION = YES;
				CLANG_WARN_NON_LITERAL_NULL_CONVERSION = YES;
				CLANG_WARN_OBJC_IMPLICIT_RETAIN_SELF = YES;
				CLANG_WARN_OBJC_LITERAL_CONVERSION = YES;
				CLANG_WARN_OBJC_ROOT_CLASS = YES_ERROR;
				CLANG_WARN_QUOTED_INCLUDE_IN_FRAMEWORK_HEADER = YES;
				CLANG_WARN_RANGE_LOOP_ANALYSIS = YES;
				CLANG_WARN_STRICT_PROTOTYPES = YES;
				CLANG_WARN_SUSPICIOUS_MOVE = YES;
				CLANG_WARN_UNGUARDED_AVAILABILITY = YES_AGGRESSIVE;
				CLANG_WARN_UNREACHABLE_CODE = YES;
				CLANG_WARN__DUPLICATE_METHOD_MATCH = YES;
				COPY_PHASE_STRIP = NO;
				DEBUG_INFORMATION_FORMAT = "dwarf-with-dsym";
				ENABLE_NS_ASSERTIONS = NO;
				ENABLE_STRICT_OBJC_MSGSEND = YES;
				GCC_C_LANGUAGE_STANDARD = gnu11;
				GCC_NO_COMMON_BLOCKS = YES;
				GCC_WARN_64_TO_32_BIT_CONVERSION = YES;
				GCC_WARN_ABOUT_RETURN_TYPE = YES_ERROR;
				GCC_WARN_UNDECLARED_SELECTOR = YES;
				GCC_WARN_UNINITIALIZED_AUTOS = YES_AGGRESSIVE;
				GCC_WARN_UNUSED_FUNCTION = YES;
				GCC_WARN_UNUSED_VARIABLE = YES;
				IPHONEOS_DEPLOYMENT_TARGET = 14.5;
				MTL_ENABLE_DEBUG_INFO = NO;
				MTL_FAST_MATH = YES;
				SDKROOT = iphoneos;
				SWIFT_COMPILATION_MODE = wholemodule;
				SWIFT_OPTIMIZATION_LEVEL = "-O";
				VALIDATE_PRODUCT = YES;
			};
			name = Release;
		};
		B3918DA826A5FBA600CB0795 /* Debug */ = {
			isa = XCBuildConfiguration;
			buildSettings = {
				ASSETCATALOG_COMPILER_APPICON_NAME = AppIcon;
				ASSETCATALOG_COMPILER_GLOBAL_ACCENT_COLOR_NAME = AccentColor;
				CODE_SIGN_STYLE = Automatic;
				DEVELOPMENT_ASSET_PATHS = "\"ILikeFruit/Preview Content\"";
				DEVELOPMENT_TEAM = XD6Q8NU838;
				ENABLE_PREVIEWS = YES;
				INFOPLIST_FILE = ILikeFruit/Info.plist;
				IPHONEOS_DEPLOYMENT_TARGET = 14.0;
				LD_RUNPATH_SEARCH_PATHS = (
					"$(inherited)",
					"@executable_path/Frameworks",
				);
				PRODUCT_BUNDLE_IDENTIFIER = com.logankoshenka.ILikeFruit;
				PRODUCT_NAME = "$(TARGET_NAME)";
				SWIFT_VERSION = 5.0;
				TARGETED_DEVICE_FAMILY = "1,2";
			};
			name = Debug;
		};
		B3918DA926A5FBA600CB0795 /* Release */ = {
			isa = XCBuildConfiguration;
			buildSettings = {
				ASSETCATALOG_COMPILER_APPICON_NAME = AppIcon;
				ASSETCATALOG_COMPILER_GLOBAL_ACCENT_COLOR_NAME = AccentColor;
				CODE_SIGN_STYLE = Automatic;
				DEVELOPMENT_ASSET_PATHS = "\"ILikeFruit/Preview Content\"";
				DEVELOPMENT_TEAM = XD6Q8NU838;
				ENABLE_PREVIEWS = YES;
				INFOPLIST_FILE = ILikeFruit/Info.plist;
				IPHONEOS_DEPLOYMENT_TARGET = 14.0;
				LD_RUNPATH_SEARCH_PATHS = (
					"$(inherited)",
					"@executable_path/Frameworks",
				);
				PRODUCT_BUNDLE_IDENTIFIER = com.logankoshenka.ILikeFruit;
				PRODUCT_NAME = "$(TARGET_NAME)";
				SWIFT_VERSION = 5.0;
				TARGETED_DEVICE_FAMILY = "1,2";
			};
			name = Release;
		};
/* End XCBuildConfiguration section */

/* Begin XCConfigurationList section */
		B3918D9326A5FBA500CB0795 /* Build configuration list for PBXProject "ILikeFruit" */ = {
			isa = XCConfigurationList;
			buildConfigurations = (
				B3918DA526A5FBA600CB0795 /* Debug */,
				B3918DA626A5FBA600CB0795 /* Release */,
			);
			defaultConfigurationIsVisible = 0;
			defaultConfigurationName = Release;
		};
		B3918DA726A5FBA600CB0795 /* Build configuration list for PBXNativeTarget "ILikeFruit" */ = {
			isa = XCConfigurationList;
			buildConfigurations = (
				B3918DA826A5FBA600CB0795 /* Debug */,
				B3918DA926A5FBA600CB0795 /* Release */,
			);
			defaultConfigurationIsVisible = 0;
			defaultConfigurationName = Release;
		};
/* End XCConfigurationList section */
	};
	rootObject = B3918D9026A5FBA500CB0795 /* Project object */;
}
